
Microsoft Visual Studio Solution File, Format Version 12.00
# Visual Studio Version 16
VisualStudioVersion = 16.0.32126.315
MinimumVisualStudioVersion = 10.0.40219.1
Project("{FAE04EC0-301F-11D3-BF4B-00C04F79EFBC}") = "git1", "git1\git1.csproj", "{5AF225A7-9DFC-47F7-9F49-523DB35A697D}"
EndProject
Global
	GlobalSection(SolutionConfigurationPlatforms) = preSolution
		Debug|Any CPU = Debug|Any CPU
		Release|Any CPU = Release|Any CPU
	EndGlobalSection
	GlobalSection(ProjectConfigurationPlatforms) = postSolution
		{5AF225A7-9DFC-47F7-9F49-523DB35A697D}.Debug|Any CPU.ActiveCfg = Debug|Any CPU
		{5AF225A7-9DFC-47F7-9F49-523DB35A697D}.Debug|Any CPU.Build.0 = Debug|Any CPU
		{5AF225A7-9DFC-47F7-9F49-523DB35A697D}.Release|Any CPU.ActiveCfg = Release|Any CPU
		{5AF225A7-9DFC-47F7-9F49-523DB35A697D}.Release|Any CPU.Build.0 = Release|Any CPU
	EndGlobalSection
	GlobalSection(SolutionProperties) = preSolution
		HideSolutionNode = FALSE
	EndGlobalSection
	GlobalSection(ExtensibilityGlobals) = postSolution
		SolutionGuid = {A90FB347-CC33-4A68-B65C-1B42C4E4B8BF}
	EndGlobalSection
EndGlobal
